{
  "version": 3,
  "targets": {
    "net9.0": {}
  },
  "libraries": {},
  "projectFileDependencyGroups": {
    "net9.0": [
      "Alchyr.Sts2.BaseLib >= *",
      "Microsoft.NET.Test.Sdk >= 17.12.0",
      "xunit >= 2.9.2",
      "xunit.runner.visualstudio >= 2.8.2"
    ]
  },
  "packageFolders": {
    "G:\\MyGame\\STS2_Tomorin_Mod\\packages": {}
  },
  "project": {
    "version": "1.0.0",
    "restore": {
      "projectUniqueName": "G:\\MyGame\\STS2_Tomorin_Mod\\tests\\BandMemberEncounterHarness\\BandMemberEncounterHarness.csproj",
      "projectName": "BandMemberEncounterHarness",
      "projectPath": "G:\\MyGame\\STS2_Tomorin_Mod\\tests\\BandMemberEncounterHarness\\BandMemberEncounterHarness.csproj",
      "packagesPath": "G:\\MyGame\\STS2_Tomorin_Mod\\packages",
      "outputPath": "G:\\MyGame\\STS2_Tomorin_Mod\\.codex-test-obj\\BandMemberFinal\\",
      "projectStyle": "PackageReference",
      "configFilePaths": [
        "G:\\MyGame\\STS2_Tomorin_Mod\\NuGet.Config",
        "C:\\Users\\Administrator\\AppData\\Roaming\\NuGet\\NuGet.Config"
      ],
      "originalTargetFrameworks": [
        "net9.0"
      ],
      "sources": {
        "https://api.nuget.org/v3/index.json": {}
      },
      "frameworks": {
        "net9.0": {
          "targetAlias": "net9.0",
          "projectReferences": {
            "G:\\MyGame\\STS2_Tomorin_Mod\\STS2_Tomorin_Mod.csproj": {
              "projectPath": "G:\\MyGame\\STS2_Tomorin_Mod\\STS2_Tomorin_Mod.csproj"
            }
          }
        }
      },
      "warningProperties": {
        "warnAsError": [
          "NU1605"
        ]
      },
      "restoreAuditProperties": {
        "enableAudit": "true",
        "auditLevel": "low",
        "auditMode": "direct"
      },
      "SdkAnalysisLevel": "9.0.300"
    },
    "frameworks": {
      "net9.0": {
        "targetAlias": "net9.0",
        "dependencies": {
          "Alchyr.Sts2.BaseLib": {
            "target": "Package",
            "version": "[*, )"
          },
          "Microsoft.NET.Test.Sdk": {
            "target": "Package",
            "version": "[17.12.0, )"
          },
          "xunit": {
            "target": "Package",
            "version": "[2.9.2, )"
          },
          "xunit.runner.visualstudio": {
            "target": "Package",
            "version": "[2.8.2, )"
          }
        },
        "imports": [
          "net461",
          "net462",
          "net47",
          "net471",
          "net472",
          "net48",
          "net481"
        ],
        "assetTargetFallback": true,
        "warn": true,
        "frameworkReferences": {
          "Microsoft.NETCore.App": {
            "privateAssets": "all"
          }
        },
        "runtimeIdentifierGraphPath": "C:\\Program Files\\dotnet\\sdk\\9.0.312/PortableRuntimeIdentifierGraph.json"
      }
    }
  },
  "logs": [
    {
      "code": "NU1301",
      "level": "Error",
      "message": "无法加载源 https://api.nuget.org/v3/index.json 的服务索引。\r\n  以一种访问权限不允许的方式做了一个访问套接字的尝试。 (api.nuget.org:443)\r\n  以一种访问权限不允许的方式做了一个访问套接字的尝试。",
      "libraryId": "Alchyr.Sts2.BaseLib"
    }
  ]
}